
Microsoft Visual Studio Solution File, Format Version 12.00
# Visual Studio Version 17
VisualStudioVersion = 17.0.31903.59
MinimumVisualStudioVersion = 10.0.40219.1
Project("{FAE04EC0-301F-11D3-BF4B-00C04F79EFBC}") = "Server", "Server\Server.csproj", "{F13CDE3C-AE4A-4FDB-BA4B-D537EFD88CCC}"
EndProject
Project("{FAE04EC0-301F-11D3-BF4B-00C04F79EFBC}") = "Abstractions", "Abstractions\Abstractions.csproj", "{EB671C3C-28F3-4123-B208-A81E52EE4043}"
EndProject
Global
	GlobalSection(SolutionConfigurationPlatforms) = preSolution
		Debug|Any CPU = Debug|Any CPU
		Release|Any CPU = Release|Any CPU
	EndGlobalSection
	GlobalSection(SolutionProperties) = preSolution
		HideSolutionNode = FALSE
	EndGlobalSection
	GlobalSection(ProjectConfigurationPlatforms) = postSolution
		{F13CDE3C-AE4A-4FDB-BA4B-D537EFD88CCC}.Debug|Any CPU.ActiveCfg = Debug|Any CPU
		{F13CDE3C-AE4A-4FDB-BA4B-D537EFD88CCC}.Debug|Any CPU.Build.0 = Debug|Any CPU
		{F13CDE3C-AE4A-4FDB-BA4B-D537EFD88CCC}.Release|Any CPU.ActiveCfg = Release|Any CPU
		{F13CDE3C-AE4A-4FDB-BA4B-D537EFD88CCC}.Release|Any CPU.Build.0 = Release|Any CPU
		{EB671C3C-28F3-4123-B208-A81E52EE4043}.Debug|Any CPU.ActiveCfg = Debug|Any CPU
		{EB671C3C-28F3-4123-B208-A81E52EE4043}.Debug|Any CPU.Build.0 = Debug|Any CPU
		{EB671C3C-28F3-4123-B208-A81E52EE4043}.Release|Any CPU.ActiveCfg = Release|Any CPU
		{EB671C3C-28F3-4123-B208-A81E52EE4043}.Release|Any CPU.Build.0 = Release|Any CPU
	EndGlobalSection
EndGlobal
